
Microsoft Visual Studio Solution File, Format Version 12.00
# Visual Studio 15
VisualStudioVersion = 15.0.28010.2026
MinimumVisualStudioVersion = 10.0.40219.1
Project("{8BC9CEB8-8B4A-11D0-8D11-00A0C91BC942}") = "zbroj", "zbroj\zbroj.vcxproj", "{8D2DC842-4FCE-4949-9FCA-81F28A6A8496}"
EndProject
Global
	GlobalSection(SolutionConfigurationPlatforms) = preSolution
		Debug|x64 = Debug|x64
		Debug|x86 = Debug|x86
		Release|x64 = Release|x64
		Release|x86 = Release|x86
	EndGlobalSection
	GlobalSection(ProjectConfigurationPlatforms) = postSolution
		{8D2DC842-4FCE-4949-9FCA-81F28A6A8496}.Debug|x64.ActiveCfg = Debug|x64
		{8D2DC842-4FCE-4949-9FCA-81F28A6A8496}.Debug|x64.Build.0 = Debug|x64
		{8D2DC842-4FCE-4949-9FCA-81F28A6A8496}.Debug|x86.ActiveCfg = Debug|Win32
		{8D2DC842-4FCE-4949-9FCA-81F28A6A8496}.Debug|x86.Build.0 = Debug|Win32
		{8D2DC842-4FCE-4949-9FCA-81F28A6A8496}.Release|x64.ActiveCfg = Release|x64
		{8D2DC842-4FCE-4949-9FCA-81F28A6A8496}.Release|x64.Build.0 = Release|x64
		{8D2DC842-4FCE-4949-9FCA-81F28A6A8496}.Release|x86.ActiveCfg = Release|Win32
		{8D2DC842-4FCE-4949-9FCA-81F28A6A8496}.Release|x86.Build.0 = Release|Win32
	EndGlobalSection
	GlobalSection(SolutionProperties) = preSolution
		HideSolutionNode = FALSE
	EndGlobalSection
	GlobalSection(ExtensibilityGlobals) = postSolution
		SolutionGuid = {0CA0F3C4-E907-41AA-8693-3FAF82C1E6AE}
	EndGlobalSection
EndGlobal
