
Microsoft Visual Studio Solution File, Format Version 12.00
# Visual Studio 15
VisualStudioVersion = 15.0.28010.2026
MinimumVisualStudioVersion = 10.0.40219.1
Project("{8BC9CEB8-8B4A-11D0-8D11-00A0C91BC942}") = "vlak", "vlak\vlak.vcxproj", "{3E4E79D5-660C-4C99-B5D5-957D48C1EA9E}"
EndProject
Global
	GlobalSection(SolutionConfigurationPlatforms) = preSolution
		Debug|x64 = Debug|x64
		Debug|x86 = Debug|x86
		Release|x64 = Release|x64
		Release|x86 = Release|x86
	EndGlobalSection
	GlobalSection(ProjectConfigurationPlatforms) = postSolution
		{3E4E79D5-660C-4C99-B5D5-957D48C1EA9E}.Debug|x64.ActiveCfg = Debug|x64
		{3E4E79D5-660C-4C99-B5D5-957D48C1EA9E}.Debug|x64.Build.0 = Debug|x64
		{3E4E79D5-660C-4C99-B5D5-957D48C1EA9E}.Debug|x86.ActiveCfg = Debug|Win32
		{3E4E79D5-660C-4C99-B5D5-957D48C1EA9E}.Debug|x86.Build.0 = Debug|Win32
		{3E4E79D5-660C-4C99-B5D5-957D48C1EA9E}.Release|x64.ActiveCfg = Release|x64
		{3E4E79D5-660C-4C99-B5D5-957D48C1EA9E}.Release|x64.Build.0 = Release|x64
		{3E4E79D5-660C-4C99-B5D5-957D48C1EA9E}.Release|x86.ActiveCfg = Release|Win32
		{3E4E79D5-660C-4C99-B5D5-957D48C1EA9E}.Release|x86.Build.0 = Release|Win32
	EndGlobalSection
	GlobalSection(SolutionProperties) = preSolution
		HideSolutionNode = FALSE
	EndGlobalSection
	GlobalSection(ExtensibilityGlobals) = postSolution
		SolutionGuid = {34331DFA-1D8E-449E-AB7C-33CAA60E1251}
	EndGlobalSection
EndGlobal
