
Microsoft Visual Studio Solution File, Format Version 12.00
# Visual Studio 15
VisualStudioVersion = 15.0.28010.2026
MinimumVisualStudioVersion = 10.0.40219.1
Project("{8BC9CEB8-8B4A-11D0-8D11-00A0C91BC942}") = "rekurzije", "rekurzije\rekurzije.vcxproj", "{B491260C-150C-4580-959B-BCB2BC9FA074}"
EndProject
Global
	GlobalSection(SolutionConfigurationPlatforms) = preSolution
		Debug|x64 = Debug|x64
		Debug|x86 = Debug|x86
		Release|x64 = Release|x64
		Release|x86 = Release|x86
	EndGlobalSection
	GlobalSection(ProjectConfigurationPlatforms) = postSolution
		{B491260C-150C-4580-959B-BCB2BC9FA074}.Debug|x64.ActiveCfg = Debug|x64
		{B491260C-150C-4580-959B-BCB2BC9FA074}.Debug|x64.Build.0 = Debug|x64
		{B491260C-150C-4580-959B-BCB2BC9FA074}.Debug|x86.ActiveCfg = Debug|Win32
		{B491260C-150C-4580-959B-BCB2BC9FA074}.Debug|x86.Build.0 = Debug|Win32
		{B491260C-150C-4580-959B-BCB2BC9FA074}.Release|x64.ActiveCfg = Release|x64
		{B491260C-150C-4580-959B-BCB2BC9FA074}.Release|x64.Build.0 = Release|x64
		{B491260C-150C-4580-959B-BCB2BC9FA074}.Release|x86.ActiveCfg = Release|Win32
		{B491260C-150C-4580-959B-BCB2BC9FA074}.Release|x86.Build.0 = Release|Win32
	EndGlobalSection
	GlobalSection(SolutionProperties) = preSolution
		HideSolutionNode = FALSE
	EndGlobalSection
	GlobalSection(ExtensibilityGlobals) = postSolution
		SolutionGuid = {8831AA26-6A2F-484D-BBDA-13289F9FF099}
	EndGlobalSection
EndGlobal
