
Microsoft Visual Studio Solution File, Format Version 12.00
# Visual Studio 15
VisualStudioVersion = 15.0.28010.2026
MinimumVisualStudioVersion = 10.0.40219.1
Project("{8BC9CEB8-8B4A-11D0-8D11-00A0C91BC942}") = "relacijski_operatori", "relacijski_operatori\relacijski_operatori.vcxproj", "{FF004A4F-9E8E-45BA-BE7D-EFC4F2CACEB3}"
EndProject
Global
	GlobalSection(SolutionConfigurationPlatforms) = preSolution
		Debug|x64 = Debug|x64
		Debug|x86 = Debug|x86
		Release|x64 = Release|x64
		Release|x86 = Release|x86
	EndGlobalSection
	GlobalSection(ProjectConfigurationPlatforms) = postSolution
		{FF004A4F-9E8E-45BA-BE7D-EFC4F2CACEB3}.Debug|x64.ActiveCfg = Debug|x64
		{FF004A4F-9E8E-45BA-BE7D-EFC4F2CACEB3}.Debug|x64.Build.0 = Debug|x64
		{FF004A4F-9E8E-45BA-BE7D-EFC4F2CACEB3}.Debug|x86.ActiveCfg = Debug|Win32
		{FF004A4F-9E8E-45BA-BE7D-EFC4F2CACEB3}.Debug|x86.Build.0 = Debug|Win32
		{FF004A4F-9E8E-45BA-BE7D-EFC4F2CACEB3}.Release|x64.ActiveCfg = Release|x64
		{FF004A4F-9E8E-45BA-BE7D-EFC4F2CACEB3}.Release|x64.Build.0 = Release|x64
		{FF004A4F-9E8E-45BA-BE7D-EFC4F2CACEB3}.Release|x86.ActiveCfg = Release|Win32
		{FF004A4F-9E8E-45BA-BE7D-EFC4F2CACEB3}.Release|x86.Build.0 = Release|Win32
	EndGlobalSection
	GlobalSection(SolutionProperties) = preSolution
		HideSolutionNode = FALSE
	EndGlobalSection
	GlobalSection(ExtensibilityGlobals) = postSolution
		SolutionGuid = {63D94DE4-6DD7-4DB4-90D8-09818C6D1363}
	EndGlobalSection
EndGlobal
