
Microsoft Visual Studio Solution File, Format Version 12.00
# Visual Studio 15
VisualStudioVersion = 15.0.28010.2026
MinimumVisualStudioVersion = 10.0.40219.1
Project("{8BC9CEB8-8B4A-11D0-8D11-00A0C91BC942}") = "prosjel_ocjena", "prosjel_ocjena\prosjel_ocjena.vcxproj", "{FC0ACF6C-6CC8-4760-B216-809947936A68}"
EndProject
Global
	GlobalSection(SolutionConfigurationPlatforms) = preSolution
		Debug|x64 = Debug|x64
		Debug|x86 = Debug|x86
		Release|x64 = Release|x64
		Release|x86 = Release|x86
	EndGlobalSection
	GlobalSection(ProjectConfigurationPlatforms) = postSolution
		{FC0ACF6C-6CC8-4760-B216-809947936A68}.Debug|x64.ActiveCfg = Debug|x64
		{FC0ACF6C-6CC8-4760-B216-809947936A68}.Debug|x64.Build.0 = Debug|x64
		{FC0ACF6C-6CC8-4760-B216-809947936A68}.Debug|x86.ActiveCfg = Debug|Win32
		{FC0ACF6C-6CC8-4760-B216-809947936A68}.Debug|x86.Build.0 = Debug|Win32
		{FC0ACF6C-6CC8-4760-B216-809947936A68}.Release|x64.ActiveCfg = Release|x64
		{FC0ACF6C-6CC8-4760-B216-809947936A68}.Release|x64.Build.0 = Release|x64
		{FC0ACF6C-6CC8-4760-B216-809947936A68}.Release|x86.ActiveCfg = Release|Win32
		{FC0ACF6C-6CC8-4760-B216-809947936A68}.Release|x86.Build.0 = Release|Win32
	EndGlobalSection
	GlobalSection(SolutionProperties) = preSolution
		HideSolutionNode = FALSE
	EndGlobalSection
	GlobalSection(ExtensibilityGlobals) = postSolution
		SolutionGuid = {A2F4BB64-6EA7-4952-BA1D-1766439EFBD1}
	EndGlobalSection
EndGlobal
