
Microsoft Visual Studio Solution File, Format Version 12.00
# Visual Studio 15
VisualStudioVersion = 15.0.28010.2026
MinimumVisualStudioVersion = 10.0.40219.1
Project("{8BC9CEB8-8B4A-11D0-8D11-00A0C91BC942}") = "brzina", "brzina\brzina.vcxproj", "{DEBC1B12-3106-4B92-9044-03A1E6020271}"
EndProject
Global
	GlobalSection(SolutionConfigurationPlatforms) = preSolution
		Debug|x64 = Debug|x64
		Debug|x86 = Debug|x86
		Release|x64 = Release|x64
		Release|x86 = Release|x86
	EndGlobalSection
	GlobalSection(ProjectConfigurationPlatforms) = postSolution
		{DEBC1B12-3106-4B92-9044-03A1E6020271}.Debug|x64.ActiveCfg = Debug|x64
		{DEBC1B12-3106-4B92-9044-03A1E6020271}.Debug|x64.Build.0 = Debug|x64
		{DEBC1B12-3106-4B92-9044-03A1E6020271}.Debug|x86.ActiveCfg = Debug|Win32
		{DEBC1B12-3106-4B92-9044-03A1E6020271}.Debug|x86.Build.0 = Debug|Win32
		{DEBC1B12-3106-4B92-9044-03A1E6020271}.Release|x64.ActiveCfg = Release|x64
		{DEBC1B12-3106-4B92-9044-03A1E6020271}.Release|x64.Build.0 = Release|x64
		{DEBC1B12-3106-4B92-9044-03A1E6020271}.Release|x86.ActiveCfg = Release|Win32
		{DEBC1B12-3106-4B92-9044-03A1E6020271}.Release|x86.Build.0 = Release|Win32
	EndGlobalSection
	GlobalSection(SolutionProperties) = preSolution
		HideSolutionNode = FALSE
	EndGlobalSection
	GlobalSection(ExtensibilityGlobals) = postSolution
		SolutionGuid = {C70BC23A-325E-4EA9-9301-B4984D10444C}
	EndGlobalSection
EndGlobal
