
Microsoft Visual Studio Solution File, Format Version 12.00
# Visual Studio 15
VisualStudioVersion = 15.0.28010.2026
MinimumVisualStudioVersion = 10.0.40219.1
Project("{8BC9CEB8-8B4A-11D0-8D11-00A0C91BC942}") = "prosjek", "prosjek\prosjek.vcxproj", "{952DD73A-ECF8-4A31-9FE3-304BEAE5CAB8}"
EndProject
Global
	GlobalSection(SolutionConfigurationPlatforms) = preSolution
		Debug|x64 = Debug|x64
		Debug|x86 = Debug|x86
		Release|x64 = Release|x64
		Release|x86 = Release|x86
	EndGlobalSection
	GlobalSection(ProjectConfigurationPlatforms) = postSolution
		{952DD73A-ECF8-4A31-9FE3-304BEAE5CAB8}.Debug|x64.ActiveCfg = Debug|x64
		{952DD73A-ECF8-4A31-9FE3-304BEAE5CAB8}.Debug|x64.Build.0 = Debug|x64
		{952DD73A-ECF8-4A31-9FE3-304BEAE5CAB8}.Debug|x86.ActiveCfg = Debug|Win32
		{952DD73A-ECF8-4A31-9FE3-304BEAE5CAB8}.Debug|x86.Build.0 = Debug|Win32
		{952DD73A-ECF8-4A31-9FE3-304BEAE5CAB8}.Release|x64.ActiveCfg = Release|x64
		{952DD73A-ECF8-4A31-9FE3-304BEAE5CAB8}.Release|x64.Build.0 = Release|x64
		{952DD73A-ECF8-4A31-9FE3-304BEAE5CAB8}.Release|x86.ActiveCfg = Release|Win32
		{952DD73A-ECF8-4A31-9FE3-304BEAE5CAB8}.Release|x86.Build.0 = Release|Win32
	EndGlobalSection
	GlobalSection(SolutionProperties) = preSolution
		HideSolutionNode = FALSE
	EndGlobalSection
	GlobalSection(ExtensibilityGlobals) = postSolution
		SolutionGuid = {D53546E9-35C6-41B2-B634-8DFC5CCE0537}
	EndGlobalSection
EndGlobal
